// !$*UTF8*$!
{
	archiveVersion = 1;
	classes = {
	};
	objectVersion = 46;
	objects = {

/* Begin PBXBuildFile section */
		6507F2701D1CC3D3004026BC /* Home.m in Sources */ = {isa = PBXBuildFile; fileRef = 6507F26F1D1CC3D3004026BC /* Home.m */; };
		6507F2751D1CC879004026BC /* cellAvengers.m in Sources */ = {isa = PBXBuildFile; fileRef = 6507F2731D1CC879004026BC /* cellAvengers.m */; };
		6507F2761D1CC879004026BC /* cellAvengers.xib in Resources */ = {isa = PBXBuildFile; fileRef = 6507F2741D1CC879004026BC /* cellAvengers.xib */; };
		652412161D1CF1D6007AFB32 /* 120i.jpg in Resources */ = {isa = PBXBuildFile; fileRef = 652412021D1CF1D6007AFB32 /* 120i.jpg */; };
		652412171D1CF1D6007AFB32 /* 220i.jpg in Resources */ = {isa = PBXBuildFile; fileRef = 652412031D1CF1D6007AFB32 /* 220i.jpg */; };
		652412181D1CF1D6007AFB32 /* 320i.jpg in Resources */ = {isa = PBXBuildFile; fileRef = 652412041D1CF1D6007AFB32 /* 320i.jpg */; };
		652412191D1CF1D6007AFB32 /* 340i.jpg in Resources */ = {isa = PBXBuildFile; fileRef = 652412051D1CF1D6007AFB32 /* 340i.jpg */; };
		6524121A1D1CF1D6007AFB32 /* 420i.jpg in Resources */ = {isa = PBXBuildFile; fileRef = 652412061D1CF1D6007AFB32 /* 420i.jpg */; };
		6524121B1D1CF1D6007AFB32 /* 440i.jpg in Resources */ = {isa = PBXBuildFile; fileRef = 652412071D1CF1D6007AFB32 /* 440i.jpg */; };
		6524121C1D1CF1D6007AFB32 /* 528i.jpg in Resources */ = {isa = PBXBuildFile; fileRef = 652412081D1CF1D6007AFB32 /* 528i.jpg */; };
		6524121D1D1CF1D6007AFB32 /* 535i.jpg in Resources */ = {isa = PBXBuildFile; fileRef = 652412091D1CF1D6007AFB32 /* 535i.jpg */; };
		6524121E1D1CF1D6007AFB32 /* 650i.jpg in Resources */ = {isa = PBXBuildFile; fileRef = 6524120A1D1CF1D6007AFB32 /* 650i.jpg */; };
		6524121F1D1CF1D6007AFB32 /* BMW.png in Resources */ = {isa = PBXBuildFile; fileRef = 6524120B1D1CF1D6007AFB32 /* BMW.png */; };
		652412201D1CF1D6007AFB32 /* i8.jpg in Resources */ = {isa = PBXBuildFile; fileRef = 6524120C1D1CF1D6007AFB32 /* i8.jpg */; };
		652412211D1CF1D6007AFB32 /* M.png in Resources */ = {isa = PBXBuildFile; fileRef = 6524120D1D1CF1D6007AFB32 /* M.png */; };
		652412221D1CF1D6007AFB32 /* m2.jpg in Resources */ = {isa = PBXBuildFile; fileRef = 6524120E1D1CF1D6007AFB32 /* m2.jpg */; };
		652412231D1CF1D6007AFB32 /* m3.jpg in Resources */ = {isa = PBXBuildFile; fileRef = 6524120F1D1CF1D6007AFB32 /* m3.jpg */; };
		652412241D1CF1D6007AFB32 /* m4.jpg in Resources */ = {isa = PBXBuildFile; fileRef = 652412101D1CF1D6007AFB32 /* m4.jpg */; };
		652412251D1CF1D6007AFB32 /* m5.jpg in Resources */ = {isa = PBXBuildFile; fileRef = 652412111D1CF1D6007AFB32 /* m5.jpg */; };
		652412261D1CF1D6007AFB32 /* m6.jpg in Resources */ = {isa = PBXBuildFile; fileRef = 652412121D1CF1D6007AFB32 /* m6.jpg */; };
		652412271D1CF1D6007AFB32 /* m135i.jpg in Resources */ = {isa = PBXBuildFile; fileRef = 652412131D1CF1D6007AFB32 /* m135i.jpg */; };
		652412281D1CF1D6007AFB32 /* m235i.jpg in Resources */ = {isa = PBXBuildFile; fileRef = 652412141D1CF1D6007AFB32 /* m235i.jpg */; };
		652412291D1CF1D6007AFB32 /* start.jpg in Resources */ = {isa = PBXBuildFile; fileRef = 652412151D1CF1D6007AFB32 /* start.jpg */; };
		652A97F61D14BC0E0063810B /* main.m in Sources */ = {isa = PBXBuildFile; fileRef = 652A97F51D14BC0E0063810B /* main.m */; };
		652A97F91D14BC0E0063810B /* AppDelegate.m in Sources */ = {isa = PBXBuildFile; fileRef = 652A97F81D14BC0E0063810B /* AppDelegate.m */; };
		652A97FC1D14BC0E0063810B /* Start.m in Sources */ = {isa = PBXBuildFile; fileRef = 652A97FB1D14BC0E0063810B /* Start.m */; };
		652A97FF1D14BC0E0063810B /* Main.storyboard in Resources */ = {isa = PBXBuildFile; fileRef = 652A97FD1D14BC0E0063810B /* Main.storyboard */; };
		652A98021D14BC0E0063810B /* Clase3.xcdatamodeld in Sources */ = {isa = PBXBuildFile; fileRef = 652A98001D14BC0E0063810B /* Clase3.xcdatamodeld */; };
		652A98041D14BC0E0063810B /* Assets.xcassets in Resources */ = {isa = PBXBuildFile; fileRef = 652A98031D14BC0E0063810B /* Assets.xcassets */; };
		652A98071D14BC0E0063810B /* LaunchScreen.storyboard in Resources */ = {isa = PBXBuildFile; fileRef = 652A98051D14BC0E0063810B /* LaunchScreen.storyboard */; };
		656137171D18CD090078DADA /* Intro.m in Sources */ = {isa = PBXBuildFile; fileRef = 656137161D18CD090078DADA /* Intro.m */; };
		6561371B1D18CE400078DADA /* Declarations.m in Sources */ = {isa = PBXBuildFile; fileRef = 6561371A1D18CE400078DADA /* Declarations.m */; };
/* End PBXBuildFile section */

/* Begin PBXFileReference section */
		6507F26E1D1CC3D3004026BC /* Home.h */ = {isa = PBXFileReference; fileEncoding = 4; lastKnownFileType = sourcecode.c.h; path = Home.h; sourceTree = "<group>"; };
		6507F26F1D1CC3D3004026BC /* Home.m */ = {isa = PBXFileReference; fileEncoding = 4; lastKnownFileType = sourcecode.c.objc; path = Home.m; sourceTree = "<group>"; };
		6507F2721D1CC879004026BC /* cellAvengers.h */ = {isa = PBXFileReference; fileEncoding = 4; lastKnownFileType = sourcecode.c.h; path = cellAvengers.h; sourceTree = "<group>"; };
		6507F2731D1CC879004026BC /* cellAvengers.m */ = {isa = PBXFileReference; fileEncoding = 4; lastKnownFileType = sourcecode.c.objc; path = cellAvengers.m; sourceTree = "<group>"; };
		6507F2741D1CC879004026BC /* cellAvengers.xib */ = {isa = PBXFileReference; fileEncoding = 4; lastKnownFileType = file.xib; path = cellAvengers.xib; sourceTree = "<group>"; };
		652412021D1CF1D6007AFB32 /* 120i.jpg */ = {isa = PBXFileReference; lastKnownFileType = image.jpeg; name = 120i.jpg; path = img/120i.jpg; sourceTree = "<group>"; };
		652412031D1CF1D6007AFB32 /* 220i.jpg */ = {isa = PBXFileReference; lastKnownFileType = image.jpeg; name = 220i.jpg; path = img/220i.jpg; sourceTree = "<group>"; };
		652412041D1CF1D6007AFB32 /* 320i.jpg */ = {isa = PBXFileReference; lastKnownFileType = image.jpeg; name = 320i.jpg; path = img/320i.jpg; sourceTree = "<group>"; };
		652412051D1CF1D6007AFB32 /* 340i.jpg */ = {isa = PBXFileReference; lastKnownFileType = image.jpeg; name = 340i.jpg; path = img/340i.jpg; sourceTree = "<group>"; };
		652412061D1CF1D6007AFB32 /* 420i.jpg */ = {isa = PBXFileReference; lastKnownFileType = image.jpeg; name = 420i.jpg; path = img/420i.jpg; sourceTree = "<group>"; };
		652412071D1CF1D6007AFB32 /* 440i.jpg */ = {isa = PBXFileReference; lastKnownFileType = image.jpeg; name = 440i.jpg; path = img/440i.jpg; sourceTree = "<group>"; };
		652412081D1CF1D6007AFB32 /* 528i.jpg */ = {isa = PBXFileReference; lastKnownFileType = image.jpeg; name = 528i.jpg; path = img/528i.jpg; sourceTree = "<group>"; };
		652412091D1CF1D6007AFB32 /* 535i.jpg */ = {isa = PBXFileReference; lastKnownFileType = image.jpeg; name = 535i.jpg; path = img/535i.jpg; sourceTree = "<group>"; };
		6524120A1D1CF1D6007AFB32 /* 650i.jpg */ = {isa = PBXFileReference; lastKnownFileType = image.jpeg; name = 650i.jpg; path = img/650i.jpg; sourceTree = "<group>"; };
		6524120B1D1CF1D6007AFB32 /* BMW.png */ = {isa = PBXFileReference; lastKnownFileType = image.png; name = BMW.png; path = img/BMW.png; sourceTree = "<group>"; };
		6524120C1D1CF1D6007AFB32 /* i8.jpg */ = {isa = PBXFileReference; lastKnownFileType = image.jpeg; name = i8.jpg; path = img/i8.jpg; sourceTree = "<group>"; };
		6524120D1D1CF1D6007AFB32 /* M.png */ = {isa = PBXFileReference; lastKnownFileType = image.png; name = M.png; path = img/M.png; sourceTree = "<group>"; };
		6524120E1D1CF1D6007AFB32 /* m2.jpg */ = {isa = PBXFileReference; lastKnownFileType = image.jpeg; name = m2.jpg; path = img/m2.jpg; sourceTree = "<group>"; };
		6524120F1D1CF1D6007AFB32 /* m3.jpg */ = {isa = PBXFileReference; lastKnownFileType = image.jpeg; name = m3.jpg; path = img/m3.jpg; sourceTree = "<group>"; };
		652412101D1CF1D6007AFB32 /* m4.jpg */ = {isa = PBXFileReference; lastKnownFileType = image.jpeg; name = m4.jpg; path = img/m4.jpg; sourceTree = "<group>"; };
		652412111D1CF1D6007AFB32 /* m5.jpg */ = {isa = PBXFileReference; lastKnownFileType = image.jpeg; name = m5.jpg; path = img/m5.jpg; sourceTree = "<group>"; };
		652412121D1CF1D6007AFB32 /* m6.jpg */ = {isa = PBXFileReference; lastKnownFileType = image.jpeg; name = m6.jpg; path = img/m6.jpg; sourceTree = "<group>"; };
		652412131D1CF1D6007AFB32 /* m135i.jpg */ = {isa = PBXFileReference; lastKnownFileType = image.jpeg; name = m135i.jpg; path = img/m135i.jpg; sourceTree = "<group>"; };
		652412141D1CF1D6007AFB32 /* m235i.jpg */ = {isa = PBXFileReference; lastKnownFileType = image.jpeg; name = m235i.jpg; path = img/m235i.jpg; sourceTree = "<group>"; };
		652412151D1CF1D6007AFB32 /* start.jpg */ = {isa = PBXFileReference; lastKnownFileType = image.jpeg; name = start.jpg; path = img/start.jpg; sourceTree = "<group>"; };
		652A97F11D14BC0D0063810B /* Clase3.app */ = {isa = PBXFileReference; explicitFileType = wrapper.application; includeInIndex = 0; path = Clase3.app; sourceTree = BUILT_PRODUCTS_DIR; };
		652A97F51D14BC0E0063810B /* main.m */ = {isa = PBXFileReference; lastKnownFileType = sourcecode.c.objc; path = main.m; sourceTree = "<group>"; };
		652A97F71D14BC0E0063810B /* AppDelegate.h */ = {isa = PBXFileReference; lastKnownFileType = sourcecode.c.h; path = AppDelegate.h; sourceTree = "<group>"; };
		652A97F81D14BC0E0063810B /* AppDelegate.m */ = {isa = PBXFileReference; lastKnownFileType = sourcecode.c.objc; path = AppDelegate.m; sourceTree = "<group>"; };
		652A97FA1D14BC0E0063810B /* Start.h */ = {isa = PBXFileReference; lastKnownFileType = sourcecode.c.h; path = Start.h; sourceTree = "<group>"; };
		652A97FB1D14BC0E0063810B /* Start.m */ = {isa = PBXFileReference; lastKnownFileType = sourcecode.c.objc; path = Start.m; sourceTree = "<group>"; };
		652A97FE1D14BC0E0063810B /* Base */ = {isa = PBXFileReference; lastKnownFileType = file.storyboard; name = Base; path = Base.lproj/Main.storyboard; sourceTree = "<group>"; };
		652A98011D14BC0E0063810B /* Clase3.xcdatamodel */ = {isa = PBXFileReference; lastKnownFileType = wrapper.xcdatamodel; path = Clase3.xcdatamodel; sourceTree = "<group>"; };
		652A98031D14BC0E0063810B /* Assets.xcassets */ = {isa = PBXFileReference; lastKnownFileType = folder.assetcatalog; path = Assets.xcassets; sourceTree = "<group>"; };
		652A98061D14BC0E0063810B /* Base */ = {isa = PBXFileReference; lastKnownFileType = file.storyboard; name = Base; path = Base.lproj/LaunchScreen.storyboard; sourceTree = "<group>"; };
		652A98081D14BC0E0063810B /* Info.plist */ = {isa = PBXFileReference; lastKnownFileType = text.plist.xml; path = Info.plist; sourceTree = "<group>"; };
		656137151D18CD090078DADA /* Intro.h */ = {isa = PBXFileReference; fileEncoding = 4; lastKnownFileType = sourcecode.c.h; path = Intro.h; sourceTree = "<group>"; };
		656137161D18CD090078DADA /* Intro.m */ = {isa = PBXFileReference; fileEncoding = 4; lastKnownFileType = sourcecode.c.objc; path = Intro.m; sourceTree = "<group>"; };
		656137191D18CE400078DADA /* Declarations.h */ = {isa = PBXFileReference; fileEncoding = 4; lastKnownFileType = sourcecode.c.h; path = Declarations.h; sourceTree = "<group>"; };
		6561371A1D18CE400078DADA /* Declarations.m */ = {isa = PBXFileReference; fileEncoding = 4; lastKnownFileType = sourcecode.c.objc; path = Declarations.m; sourceTree = "<group>"; };
/* End PBXFileReference section */

/* Begin PBXFrameworksBuildPhase section */
		652A97EE1D14BC0D0063810B /* Frameworks */ = {
			isa = PBXFrameworksBuildPhase;
			buildActionMask = 2147483647;
			files = (
			);
			runOnlyForDeploymentPostprocessing = 0;
		};
/* End PBXFrameworksBuildPhase section */

/* Begin PBXGroup section */
		6507F2711D1CC840004026BC /* Cells */ = {
			isa = PBXGroup;
			children = (
				6507F2721D1CC879004026BC /* cellAvengers.h */,
				6507F2731D1CC879004026BC /* cellAvengers.m */,
				6507F2741D1CC879004026BC /* cellAvengers.xib */,
			);
			name = Cells;
			sourceTree = "<group>";
		};
		652412011D1CF1C1007AFB32 /* images */ = {
			isa = PBXGroup;
			children = (
				652412021D1CF1D6007AFB32 /* 120i.jpg */,
				652412031D1CF1D6007AFB32 /* 220i.jpg */,
				652412041D1CF1D6007AFB32 /* 320i.jpg */,
				652412051D1CF1D6007AFB32 /* 340i.jpg */,
				652412061D1CF1D6007AFB32 /* 420i.jpg */,
				652412071D1CF1D6007AFB32 /* 440i.jpg */,
				652412081D1CF1D6007AFB32 /* 528i.jpg */,
				652412091D1CF1D6007AFB32 /* 535i.jpg */,
				6524120A1D1CF1D6007AFB32 /* 650i.jpg */,
				6524120B1D1CF1D6007AFB32 /* BMW.png */,
				6524120C1D1CF1D6007AFB32 /* i8.jpg */,
				6524120D1D1CF1D6007AFB32 /* M.png */,
				6524120E1D1CF1D6007AFB32 /* m2.jpg */,
				6524120F1D1CF1D6007AFB32 /* m3.jpg */,
				652412101D1CF1D6007AFB32 /* m4.jpg */,
				652412111D1CF1D6007AFB32 /* m5.jpg */,
				652412121D1CF1D6007AFB32 /* m6.jpg */,
				652412131D1CF1D6007AFB32 /* m135i.jpg */,
				652412141D1CF1D6007AFB32 /* m235i.jpg */,
				652412151D1CF1D6007AFB32 /* start.jpg */,
			);
			name = images;
			sourceTree = "<group>";
		};
		652A97E81D14BC0D0063810B = {
			isa = PBXGroup;
			children = (
				652A97F31D14BC0D0063810B /* Clase3 */,
				652A97F21D14BC0D0063810B /* Products */,
			);
			sourceTree = "<group>";
		};
		652A97F21D14BC0D0063810B /* Products */ = {
			isa = PBXGroup;
			children = (
				652A97F11D14BC0D0063810B /* Clase3.app */,
			);
			name = Products;
			sourceTree = "<group>";
		};
		652A97F31D14BC0D0063810B /* Clase3 */ = {
			isa = PBXGroup;
			children = (
				652412011D1CF1C1007AFB32 /* images */,
				6507F2711D1CC840004026BC /* Cells */,
				656137181D18CDEE0078DADA /* Main */,
				656137141D18CA0F0078DADA /* Controllers */,
				652A97FD1D14BC0E0063810B /* Main.storyboard */,
				652A98031D14BC0E0063810B /* Assets.xcassets */,
				652A98051D14BC0E0063810B /* LaunchScreen.storyboard */,
				652A98081D14BC0E0063810B /* Info.plist */,
				652A98001D14BC0E0063810B /* Clase3.xcdatamodeld */,
				652A97F41D14BC0E0063810B /* Supporting Files */,
			);
			path = Clase3;
			sourceTree = "<group>";
		};
		652A97F41D14BC0E0063810B /* Supporting Files */ = {
			isa = PBXGroup;
			children = (
				652A97F51D14BC0E0063810B /* main.m */,
			);
			name = "Supporting Files";
			sourceTree = "<group>";
		};
		656137141D18CA0F0078DADA /* Controllers */ = {
			isa = PBXGroup;
			children = (
				652A97FA1D14BC0E0063810B /* Start.h */,
				652A97FB1D14BC0E0063810B /* Start.m */,
				656137151D18CD090078DADA /* Intro.h */,
				656137161D18CD090078DADA /* Intro.m */,
				6507F26E1D1CC3D3004026BC /* Home.h */,
				6507F26F1D1CC3D3004026BC /* Home.m */,
			);
			name = Controllers;
			sourceTree = "<group>";
		};
		656137181D18CDEE0078DADA /* Main */ = {
			isa = PBXGroup;
			children = (
				652A97F71D14BC0E0063810B /* AppDelegate.h */,
				652A97F81D14BC0E0063810B /* AppDelegate.m */,
				656137191D18CE400078DADA /* Declarations.h */,
				6561371A1D18CE400078DADA /* Declarations.m */,
			);
			name = Main;
			sourceTree = "<group>";
		};
/* End PBXGroup section */

/* Begin PBXNativeTarget section */
		652A97F01D14BC0D0063810B /* Clase3 */ = {
			isa = PBXNativeTarget;
			buildConfigurationList = 652A980B1D14BC0E0063810B /* Build configuration list for PBXNativeTarget "Clase3" */;
			buildPhases = (
				652A97ED1D14BC0D0063810B /* Sources */,
				652A97EE1D14BC0D0063810B /* Frameworks */,
				652A97EF1D14BC0D0063810B /* Resources */,
			);
			buildRules = (
			);
			dependencies = (
			);
			name = Clase3;
			productName = Clase3;
			productReference = 652A97F11D14BC0D0063810B /* Clase3.app */;
			productType = "com.apple.product-type.application";
		};
/* End PBXNativeTarget section */

/* Begin PBXProject section */
		652A97E91D14BC0D0063810B /* Project object */ = {
			isa = PBXProject;
			attributes = {
				LastUpgradeCheck = 0730;
				ORGANIZATIONNAME = Lucio;
				TargetAttributes = {
					652A97F01D14BC0D0063810B = {
						CreatedOnToolsVersion = 7.3.1;
					};
				};
			};
			buildConfigurationList = 652A97EC1D14BC0D0063810B /* Build configuration list for PBXProject "Clase3" */;
			compatibilityVersion = "Xcode 3.2";
			developmentRegion = English;
			hasScannedForEncodings = 0;
			knownRegions = (
				en,
				Base,
			);
			mainGroup = 652A97E81D14BC0D0063810B;
			productRefGroup = 652A97F21D14BC0D0063810B /* Products */;
			projectDirPath = "";
			projectRoot = "";
			targets = (
				652A97F01D14BC0D0063810B /* Clase3 */,
			);
		};
/* End PBXProject section */

/* Begin PBXResourcesBuildPhase section */
		652A97EF1D14BC0D0063810B /* Resources */ = {
			isa = PBXResourcesBuildPhase;
			buildActionMask = 2147483647;
			files = (
				652412171D1CF1D6007AFB32 /* 220i.jpg in Resources */,
				652412231D1CF1D6007AFB32 /* m3.jpg in Resources */,
				652412291D1CF1D6007AFB32 /* start.jpg in Resources */,
				652412261D1CF1D6007AFB32 /* m6.jpg in Resources */,
				652412271D1CF1D6007AFB32 /* m135i.jpg in Resources */,
				6524121A1D1CF1D6007AFB32 /* 420i.jpg in Resources */,
				652412191D1CF1D6007AFB32 /* 340i.jpg in Resources */,
				6524121B1D1CF1D6007AFB32 /* 440i.jpg in Resources */,
				652A98071D14BC0E0063810B /* LaunchScreen.storyboard in Resources */,
				652412201D1CF1D6007AFB32 /* i8.jpg in Resources */,
				6524121F1D1CF1D6007AFB32 /* BMW.png in Resources */,
				652412221D1CF1D6007AFB32 /* m2.jpg in Resources */,
				652412241D1CF1D6007AFB32 /* m4.jpg in Resources */,
				6507F2761D1CC879004026BC /* cellAvengers.xib in Resources */,
				652A98041D14BC0E0063810B /* Assets.xcassets in Resources */,
				652412181D1CF1D6007AFB32 /* 320i.jpg in Resources */,
				652412281D1CF1D6007AFB32 /* m235i.jpg in Resources */,
				652A97FF1D14BC0E0063810B /* Main.storyboard in Resources */,
				652412211D1CF1D6007AFB32 /* M.png in Resources */,
				652412161D1CF1D6007AFB32 /* 120i.jpg in Resources */,
				652412251D1CF1D6007AFB32 /* m5.jpg in Resources */,
				6524121E1D1CF1D6007AFB32 /* 650i.jpg in Resources */,
				6524121C1D1CF1D6007AFB32 /* 528i.jpg in Resources */,
				6524121D1D1CF1D6007AFB32 /* 535i.jpg in Resources */,
			);
			runOnlyForDeploymentPostprocessing = 0;
		};
/* End PBXResourcesBuildPhase section */

/* Begin PBXSourcesBuildPhase section */
		652A97ED1D14BC0D0063810B /* Sources */ = {
			isa = PBXSourcesBuildPhase;
			buildActionMask = 2147483647;
			files = (
				656137171D18CD090078DADA /* Intro.m in Sources */,
				652A97FC1D14BC0E0063810B /* Start.m in Sources */,
				6561371B1D18CE400078DADA /* Declarations.m in Sources */,
				652A97F91D14BC0E0063810B /* AppDelegate.m in Sources */,
				6507F2751D1CC879004026BC /* cellAvengers.m in Sources */,
				652A98021D14BC0E0063810B /* Clase3.xcdatamodeld in Sources */,
				6507F2701D1CC3D3004026BC /* Home.m in Sources */,
				652A97F61D14BC0E0063810B /* main.m in Sources */,
			);
			runOnlyForDeploymentPostprocessing = 0;
		};
/* End PBXSourcesBuildPhase section */

/* Begin PBXVariantGroup section */
		652A97FD1D14BC0E0063810B /* Main.storyboard */ = {
			isa = PBXVariantGroup;
			children = (
				652A97FE1D14BC0E0063810B /* Base */,
			);
			name = Main.storyboard;
			sourceTree = "<group>";
		};
		652A98051D14BC0E0063810B /* LaunchScreen.storyboard */ = {
			isa = PBXVariantGroup;
			children = (
				652A98061D14BC0E0063810B /* Base */,
			);
			name = LaunchScreen.storyboard;
			sourceTree = "<group>";
		};
/* End PBXVariantGroup section */

/* Begin XCBuildConfiguration section */
		652A98091D14BC0E0063810B /* Debug */ = {
			isa = XCBuildConfiguration;
			buildSettings = {
				ALWAYS_SEARCH_USER_PATHS = NO;
				CLANG_ANALYZER_NONNULL = YES;
				CLANG_CXX_LANGUAGE_STANDARD = "gnu++0x";
				CLANG_CXX_LIBRARY = "libc++";
				CLANG_ENABLE_MODULES = YES;
				CLANG_ENABLE_OBJC_ARC = YES;
				CLANG_WARN_BOOL_CONVERSION = YES;
				CLANG_WARN_CONSTANT_CONVERSION = YES;
				CLANG_WARN_DIRECT_OBJC_ISA_USAGE = YES_ERROR;
				CLANG_WARN_EMPTY_BODY = YES;
				CLANG_WARN_ENUM_CONVERSION = YES;
				CLANG_WARN_INT_CONVERSION = YES;
				CLANG_WARN_OBJC_ROOT_CLASS = YES_ERROR;
				CLANG_WARN_UNREACHABLE_CODE = YES;
				CLANG_WARN__DUPLICATE_METHOD_MATCH = YES;
				"CODE_SIGN_IDENTITY[sdk=iphoneos*]" = "iPhone Developer";
				COPY_PHASE_STRIP = NO;
				DEBUG_INFORMATION_FORMAT = dwarf;
				ENABLE_STRICT_OBJC_MSGSEND = YES;
				ENABLE_TESTABILITY = YES;
				GCC_C_LANGUAGE_STANDARD = gnu99;
				GCC_DYNAMIC_NO_PIC = NO;
				GCC_NO_COMMON_BLOCKS = YES;
				GCC_OPTIMIZATION_LEVEL = 0;
				GCC_PREPROCESSOR_DEFINITIONS = (
					"DEBUG=1",
					"$(inherited)",
				);
				GCC_WARN_64_TO_32_BIT_CONVERSION = YES;
				GCC_WARN_ABOUT_RETURN_TYPE = YES_ERROR;
				GCC_WARN_UNDECLARED_SELECTOR = YES;
				GCC_WARN_UNINITIALIZED_AUTOS = YES_AGGRESSIVE;
				GCC_WARN_UNUSED_FUNCTION = YES;
				GCC_WARN_UNUSED_VARIABLE = YES;
				IPHONEOS_DEPLOYMENT_TARGET = 9.3;
				MTL_ENABLE_DEBUG_INFO = YES;
				ONLY_ACTIVE_ARCH = YES;
				SDKROOT = iphoneos;
			};
			name = Debug;
		};
		652A980A1D14BC0E0063810B /* Release */ = {
			isa = XCBuildConfiguration;
			buildSettings = {
				ALWAYS_SEARCH_USER_PATHS = NO;
				CLANG_ANALYZER_NONNULL = YES;
				CLANG_CXX_LANGUAGE_STANDARD = "gnu++0x";
				CLANG_CXX_LIBRARY = "libc++";
				CLANG_ENABLE_MODULES = YES;
				CLANG_ENABLE_OBJC_ARC = YES;
				CLANG_WARN_BOOL_CONVERSION = YES;
				CLANG_WARN_CONSTANT_CONVERSION = YES;
				CLANG_WARN_DIRECT_OBJC_ISA_USAGE = YES_ERROR;
				CLANG_WARN_EMPTY_BODY = YES;
				CLANG_WARN_ENUM_CONVERSION = YES;
				CLANG_WARN_INT_CONVERSION = YES;
				CLANG_WARN_OBJC_ROOT_CLASS = YES_ERROR;
				CLANG_WARN_UNREACHABLE_CODE = YES;
				CLANG_WARN__DUPLICATE_METHOD_MATCH = YES;
				"CODE_SIGN_IDENTITY[sdk=iphoneos*]" = "iPhone Developer";
				COPY_PHASE_STRIP = NO;
				DEBUG_INFORMATION_FORMAT = "dwarf-with-dsym";
				ENABLE_NS_ASSERTIONS = NO;
				ENABLE_STRICT_OBJC_MSGSEND = YES;
				GCC_C_LANGUAGE_STANDARD = gnu99;
				GCC_NO_COMMON_BLOCKS = YES;
				GCC_WARN_64_TO_32_BIT_CONVERSION = YES;
				GCC_WARN_ABOUT_RETURN_TYPE = YES_ERROR;
				GCC_WARN_UNDECLARED_SELECTOR = YES;
				GCC_WARN_UNINITIALIZED_AUTOS = YES_AGGRESSIVE;
				GCC_WARN_UNUSED_FUNCTION = YES;
				GCC_WARN_UNUSED_VARIABLE = YES;
				IPHONEOS_DEPLOYMENT_TARGET = 9.3;
				MTL_ENABLE_DEBUG_INFO = NO;
				SDKROOT = iphoneos;
				VALIDATE_PRODUCT = YES;
			};
			name = Release;
		};
		652A980C1D14BC0E0063810B /* Debug */ = {
			isa = XCBuildConfiguration;
			buildSettings = {
				ASSETCATALOG_COMPILER_APPICON_NAME = AppIcon;
				INFOPLIST_FILE = Clase3/Info.plist;
				LD_RUNPATH_SEARCH_PATHS = "$(inherited) @executable_path/Frameworks";
				PRODUCT_BUNDLE_IDENTIFIER = com.Lucio.Clase3;
				PRODUCT_NAME = "$(TARGET_NAME)";
			};
			name = Debug;
		};
		652A980D1D14BC0E0063810B /* Release */ = {
			isa = XCBuildConfiguration;
			buildSettings = {
				ASSETCATALOG_COMPILER_APPICON_NAME = AppIcon;
				INFOPLIST_FILE = Clase3/Info.plist;
				LD_RUNPATH_SEARCH_PATHS = "$(inherited) @executable_path/Frameworks";
				PRODUCT_BUNDLE_IDENTIFIER = com.Lucio.Clase3;
				PRODUCT_NAME = "$(TARGET_NAME)";
			};
			name = Release;
		};
/* End XCBuildConfiguration section */

/* Begin XCConfigurationList section */
		652A97EC1D14BC0D0063810B /* Build configuration list for PBXProject "Clase3" */ = {
			isa = XCConfigurationList;
			buildConfigurations = (
				652A98091D14BC0E0063810B /* Debug */,
				652A980A1D14BC0E0063810B /* Release */,
			);
			defaultConfigurationIsVisible = 0;
			defaultConfigurationName = Release;
		};
		652A980B1D14BC0E0063810B /* Build configuration list for PBXNativeTarget "Clase3" */ = {
			isa = XCConfigurationList;
			buildConfigurations = (
				652A980C1D14BC0E0063810B /* Debug */,
				652A980D1D14BC0E0063810B /* Release */,
			);
			defaultConfigurationIsVisible = 0;
			defaultConfigurationName = Release;
		};
/* End XCConfigurationList section */

/* Begin XCVersionGroup section */
		652A98001D14BC0E0063810B /* Clase3.xcdatamodeld */ = {
			isa = XCVersionGroup;
			children = (
				652A98011D14BC0E0063810B /* Clase3.xcdatamodel */,
			);
			currentVersion = 652A98011D14BC0E0063810B /* Clase3.xcdatamodel */;
			path = Clase3.xcdatamodeld;
			sourceTree = "<group>";
			versionGroupType = wrapper.xcdatamodel;
		};
/* End XCVersionGroup section */
	};
	rootObject = 652A97E91D14BC0D0063810B /* Project object */;
}
